
Microsoft Visual Studio Solution File, Format Version 12.00
# Visual Studio Version 16
VisualStudioVersion = 16.0.29920.165
MinimumVisualStudioVersion = 10.0.40219.1
Project("{FAE04EC0-301F-11D3-BF4B-00C04F79EFBC}") = "CreditCardApplications", "CreditCardApplications\CreditCardApplications.csproj", "{6B634E19-2366-49AF-A003-D871CB3359AD}"
EndProject
Project("{FAE04EC0-301F-11D3-BF4B-00C04F79EFBC}") = "CreditCardApplications.Tests", "CreditCardApplications.Tests\CreditCardApplications.Tests.csproj", "{07145920-2AAE-4F42-8154-B71408DF26D3}"
EndProject
Global
	GlobalSection(SolutionConfigurationPlatforms) = preSolution
		Debug|Any CPU = Debug|Any CPU
		Release|Any CPU = Release|Any CPU
	EndGlobalSection
	GlobalSection(ProjectConfigurationPlatforms) = postSolution
		{6B634E19-2366-49AF-A003-D871CB3359AD}.Debug|Any CPU.ActiveCfg = Debug|Any CPU
		{6B634E19-2366-49AF-A003-D871CB3359AD}.Debug|Any CPU.Build.0 = Debug|Any CPU
		{6B634E19-2366-49AF-A003-D871CB3359AD}.Release|Any CPU.ActiveCfg = Release|Any CPU
		{6B634E19-2366-49AF-A003-D871CB3359AD}.Release|Any CPU.Build.0 = Release|Any CPU
		{07145920-2AAE-4F42-8154-B71408DF26D3}.Debug|Any CPU.ActiveCfg = Debug|Any CPU
		{07145920-2AAE-4F42-8154-B71408DF26D3}.Debug|Any CPU.Build.0 = Debug|Any CPU
		{07145920-2AAE-4F42-8154-B71408DF26D3}.Release|Any CPU.ActiveCfg = Release|Any CPU
		{07145920-2AAE-4F42-8154-B71408DF26D3}.Release|Any CPU.Build.0 = Release|Any CPU
	EndGlobalSection
	GlobalSection(SolutionProperties) = preSolution
		HideSolutionNode = FALSE
	EndGlobalSection
	GlobalSection(ExtensibilityGlobals) = postSolution
		SolutionGuid = {C386988F-A240-4FA6-96B8-D827CAB32D4C}
	EndGlobalSection
EndGlobal
